
Microsoft Visual Studio Solution File, Format Version 12.00
# Visual Studio Version 17
VisualStudioVersion = 17.7.34221.43
MinimumVisualStudioVersion = 10.0.40219.1
Project("{8BC9CEB8-8B4A-11D0-8D11-00A0C91BC942}") = "CodingTestStudy", "CodingTestStudy.vcxproj", "{35673D87-2DCE-499C-BC98-B96CFBC39281}"
EndProject
Global
	GlobalSection(SolutionConfigurationPlatforms) = preSolution
		Debug|x64 = Debug|x64
		Debug|x86 = Debug|x86
		Release|x64 = Release|x64
		Release|x86 = Release|x86
	EndGlobalSection
	GlobalSection(ProjectConfigurationPlatforms) = postSolution
		{35673D87-2DCE-499C-BC98-B96CFBC39281}.Debug|x64.ActiveCfg = Debug|x64
		{35673D87-2DCE-499C-BC98-B96CFBC39281}.Debug|x64.Build.0 = Debug|x64
		{35673D87-2DCE-499C-BC98-B96CFBC39281}.Debug|x86.ActiveCfg = Debug|Win32
		{35673D87-2DCE-499C-BC98-B96CFBC39281}.Debug|x86.Build.0 = Debug|Win32
		{35673D87-2DCE-499C-BC98-B96CFBC39281}.Release|x64.ActiveCfg = Release|x64
		{35673D87-2DCE-499C-BC98-B96CFBC39281}.Release|x64.Build.0 = Release|x64
		{35673D87-2DCE-499C-BC98-B96CFBC39281}.Release|x86.ActiveCfg = Release|Win32
		{35673D87-2DCE-499C-BC98-B96CFBC39281}.Release|x86.Build.0 = Release|Win32
	EndGlobalSection
	GlobalSection(SolutionProperties) = preSolution
		HideSolutionNode = FALSE
	EndGlobalSection
	GlobalSection(ExtensibilityGlobals) = postSolution
		SolutionGuid = {049F0B4E-FB8C-4870-AAD2-86039DEB8C40}
	EndGlobalSection
EndGlobal
